// !$*UTF8*$!
{
	archiveVersion = 1;
	classes = {
	};
	objectVersion = 55;
	objects = {

/* Begin PBXBuildFile section */
		770DC6DF2810939200FCCCB7 /* BalerinanneApp.swift in Sources */ = {isa = PBXBuildFile; fileRef = 770DC6DE2810939200FCCCB7 /* BalerinanneApp.swift */; };
		770DC6E32810939200FCCCB7 /* Assets.xcassets in Resources */ = {isa = PBXBuildFile; fileRef = 770DC6E22810939200FCCCB7 /* Assets.xcassets */; };
		770DC6E62810939200FCCCB7 /* Preview Assets.xcassets in Resources */ = {isa = PBXBuildFile; fileRef = 770DC6E52810939200FCCCB7 /* Preview Assets.xcassets */; };
		770DC6F02810939300FCCCB7 /* BalerinanneTests.swift in Sources */ = {isa = PBXBuildFile; fileRef = 770DC6EF2810939300FCCCB7 /* BalerinanneTests.swift */; };
		770DC6FA2810939300FCCCB7 /* BalerinanneUITests.swift in Sources */ = {isa = PBXBuildFile; fileRef = 770DC6F92810939300FCCCB7 /* BalerinanneUITests.swift */; };
		770DC6FC2810939300FCCCB7 /* BalerinanneUITestsLaunchTests.swift in Sources */ = {isa = PBXBuildFile; fileRef = 770DC6FB2810939300FCCCB7 /* BalerinanneUITestsLaunchTests.swift */; };
		770DC70A281093E400FCCCB7 /* ComposableArchitecture in Frameworks */ = {isa = PBXBuildFile; productRef = 770DC709281093E400FCCCB7 /* ComposableArchitecture */; };
		770DC70C2810942900FCCCB7 /* AppDelegate.swift in Sources */ = {isa = PBXBuildFile; fileRef = 770DC70B2810942900FCCCB7 /* AppDelegate.swift */; };
		770DC7102810947800FCCCB7 /* CoursesView.swift in Sources */ = {isa = PBXBuildFile; fileRef = 770DC70F2810947800FCCCB7 /* CoursesView.swift */; };
		770DC7122810948000FCCCB7 /* LessonView.swift in Sources */ = {isa = PBXBuildFile; fileRef = 770DC7112810948000FCCCB7 /* LessonView.swift */; };
		770DC7142810948700FCCCB7 /* CourseView.swift in Sources */ = {isa = PBXBuildFile; fileRef = 770DC7132810948700FCCCB7 /* CourseView.swift */; };
		770DC717281094D400FCCCB7 /* AuthenticationView.swift in Sources */ = {isa = PBXBuildFile; fileRef = 770DC716281094D400FCCCB7 /* AuthenticationView.swift */; };
		770DC719281094DB00FCCCB7 /* UserSettingsView.swift in Sources */ = {isa = PBXBuildFile; fileRef = 770DC718281094DB00FCCCB7 /* UserSettingsView.swift */; };
		770DC71B281094E100FCCCB7 /* UserView.swift in Sources */ = {isa = PBXBuildFile; fileRef = 770DC71A281094E100FCCCB7 /* UserView.swift */; };
		770DC71D281094E800FCCCB7 /* RegistrationView.swift in Sources */ = {isa = PBXBuildFile; fileRef = 770DC71C281094E800FCCCB7 /* RegistrationView.swift */; };
		770DC7202810952800FCCCB7 /* RegistrationReducer.swift in Sources */ = {isa = PBXBuildFile; fileRef = 770DC71F2810952800FCCCB7 /* RegistrationReducer.swift */; };
		770DC7222810953F00FCCCB7 /* AppReducers.swift in Sources */ = {isa = PBXBuildFile; fileRef = 770DC7212810953F00FCCCB7 /* AppReducers.swift */; };
		770DC7242810954C00FCCCB7 /* AppUserReducer.swift in Sources */ = {isa = PBXBuildFile; fileRef = 770DC7232810954C00FCCCB7 /* AppUserReducer.swift */; };
		770DC7262810955700FCCCB7 /* AuthenticationReducer.swift in Sources */ = {isa = PBXBuildFile; fileRef = 770DC7252810955700FCCCB7 /* AuthenticationReducer.swift */; };
		770DC72C2810957D00FCCCB7 /* AppUser.swift in Sources */ = {isa = PBXBuildFile; fileRef = 770DC7282810957D00FCCCB7 /* AppUser.swift */; };
		770DC72D2810957D00FCCCB7 /* App.swift in Sources */ = {isa = PBXBuildFile; fileRef = 770DC7292810957D00FCCCB7 /* App.swift */; };
		770DC72E2810957D00FCCCB7 /* Registration.swift in Sources */ = {isa = PBXBuildFile; fileRef = 770DC72A2810957D00FCCCB7 /* Registration.swift */; };
		770DC72F2810957D00FCCCB7 /* Authentication.swift in Sources */ = {isa = PBXBuildFile; fileRef = 770DC72B2810957D00FCCCB7 /* Authentication.swift */; };
		770DC7312810959B00FCCCB7 /* Course.swift in Sources */ = {isa = PBXBuildFile; fileRef = 770DC7302810959B00FCCCB7 /* Course.swift */; };
		770DC733281095B500FCCCB7 /* Lesson.swift in Sources */ = {isa = PBXBuildFile; fileRef = 770DC732281095B500FCCCB7 /* Lesson.swift */; };
		770DC7352810961800FCCCB7 /* Functions.swift in Sources */ = {isa = PBXBuildFile; fileRef = 770DC7342810961800FCCCB7 /* Functions.swift */; };
		770DC738281096A800FCCCB7 /* RainForest.mp4 in Resources */ = {isa = PBXBuildFile; fileRef = 770DC737281096A800FCCCB7 /* RainForest.mp4 */; };
/* End PBXBuildFile section */

/* Begin PBXContainerItemProxy section */
		770DC6EC2810939200FCCCB7 /* PBXContainerItemProxy */ = {
			isa = PBXContainerItemProxy;
			containerPortal = 770DC6D32810939200FCCCB7 /* Project object */;
			proxyType = 1;
			remoteGlobalIDString = 770DC6DA2810939200FCCCB7;
			remoteInfo = Balerinanne;
		};
		770DC6F62810939300FCCCB7 /* PBXContainerItemProxy */ = {
			isa = PBXContainerItemProxy;
			containerPortal = 770DC6D32810939200FCCCB7 /* Project object */;
			proxyType = 1;
			remoteGlobalIDString = 770DC6DA2810939200FCCCB7;
			remoteInfo = Balerinanne;
		};
/* End PBXContainerItemProxy section */

/* Begin PBXFileReference section */
		770DC6DB2810939200FCCCB7 /* Balerinanne.app */ = {isa = PBXFileReference; explicitFileType = wrapper.application; includeInIndex = 0; path = Balerinanne.app; sourceTree = BUILT_PRODUCTS_DIR; };
		770DC6DE2810939200FCCCB7 /* BalerinanneApp.swift */ = {isa = PBXFileReference; lastKnownFileType = sourcecode.swift; path = BalerinanneApp.swift; sourceTree = "<group>"; };
		770DC6E22810939200FCCCB7 /* Assets.xcassets */ = {isa = PBXFileReference; lastKnownFileType = folder.assetcatalog; path = Assets.xcassets; sourceTree = "<group>"; };
		770DC6E52810939200FCCCB7 /* Preview Assets.xcassets */ = {isa = PBXFileReference; lastKnownFileType = folder.assetcatalog; path = "Preview Assets.xcassets"; sourceTree = "<group>"; };
		770DC6EB2810939200FCCCB7 /* BalerinanneTests.xctest */ = {isa = PBXFileReference; explicitFileType = wrapper.cfbundle; includeInIndex = 0; path = BalerinanneTests.xctest; sourceTree = BUILT_PRODUCTS_DIR; };
		770DC6EF2810939300FCCCB7 /* BalerinanneTests.swift */ = {isa = PBXFileReference; lastKnownFileType = sourcecode.swift; path = BalerinanneTests.swift; sourceTree = "<group>"; };
		770DC6F52810939300FCCCB7 /* BalerinanneUITests.xctest */ = {isa = PBXFileReference; explicitFileType = wrapper.cfbundle; includeInIndex = 0; path = BalerinanneUITests.xctest; sourceTree = BUILT_PRODUCTS_DIR; };
		770DC6F92810939300FCCCB7 /* BalerinanneUITests.swift */ = {isa = PBXFileReference; lastKnownFileType = sourcecode.swift; path = BalerinanneUITests.swift; sourceTree = "<group>"; };
		770DC6FB2810939300FCCCB7 /* BalerinanneUITestsLaunchTests.swift */ = {isa = PBXFileReference; lastKnownFileType = sourcecode.swift; path = BalerinanneUITestsLaunchTests.swift; sourceTree = "<group>"; };
		770DC70B2810942900FCCCB7 /* AppDelegate.swift */ = {isa = PBXFileReference; lastKnownFileType = sourcecode.swift; path = AppDelegate.swift; sourceTree = "<group>"; };
		770DC70F2810947800FCCCB7 /* CoursesView.swift */ = {isa = PBXFileReference; lastKnownFileType = sourcecode.swift; path = CoursesView.swift; sourceTree = "<group>"; };
		770DC7112810948000FCCCB7 /* LessonView.swift */ = {isa = PBXFileReference; lastKnownFileType = sourcecode.swift; path = LessonView.swift; sourceTree = "<group>"; };
		770DC7132810948700FCCCB7 /* CourseView.swift */ = {isa = PBXFileReference; lastKnownFileType = sourcecode.swift; path = CourseView.swift; sourceTree = "<group>"; };
		770DC716281094D400FCCCB7 /* AuthenticationView.swift */ = {isa = PBXFileReference; lastKnownFileType = sourcecode.swift; path = AuthenticationView.swift; sourceTree = "<group>"; };
		770DC718281094DB00FCCCB7 /* UserSettingsView.swift */ = {isa = PBXFileReference; lastKnownFileType = sourcecode.swift; path = UserSettingsView.swift; sourceTree = "<group>"; };
		770DC71A281094E100FCCCB7 /* UserView.swift */ = {isa = PBXFileReference; lastKnownFileType = sourcecode.swift; path = UserView.swift; sourceTree = "<group>"; };
		770DC71C281094E800FCCCB7 /* RegistrationView.swift */ = {isa = PBXFileReference; lastKnownFileType = sourcecode.swift; path = RegistrationView.swift; sourceTree = "<group>"; };
		770DC71F2810952800FCCCB7 /* RegistrationReducer.swift */ = {isa = PBXFileReference; lastKnownFileType = sourcecode.swift; path = RegistrationReducer.swift; sourceTree = "<group>"; };
		770DC7212810953F00FCCCB7 /* AppReducers.swift */ = {isa = PBXFileReference; lastKnownFileType = sourcecode.swift; path = AppReducers.swift; sourceTree = "<group>"; };
		770DC7232810954C00FCCCB7 /* AppUserReducer.swift */ = {isa = PBXFileReference; lastKnownFileType = sourcecode.swift; path = AppUserReducer.swift; sourceTree = "<group>"; };
		770DC7252810955700FCCCB7 /* AuthenticationReducer.swift */ = {isa = PBXFileReference; lastKnownFileType = sourcecode.swift; path = AuthenticationReducer.swift; sourceTree = "<group>"; };
		770DC7282810957D00FCCCB7 /* AppUser.swift */ = {isa = PBXFileReference; fileEncoding = 4; lastKnownFileType = sourcecode.swift; path = AppUser.swift; sourceTree = "<group>"; };
		770DC7292810957D00FCCCB7 /* App.swift */ = {isa = PBXFileReference; fileEncoding = 4; lastKnownFileType = sourcecode.swift; path = App.swift; sourceTree = "<group>"; };
		770DC72A2810957D00FCCCB7 /* Registration.swift */ = {isa = PBXFileReference; fileEncoding = 4; lastKnownFileType = sourcecode.swift; path = Registration.swift; sourceTree = "<group>"; };
		770DC72B2810957D00FCCCB7 /* Authentication.swift */ = {isa = PBXFileReference; fileEncoding = 4; lastKnownFileType = sourcecode.swift; path = Authentication.swift; sourceTree = "<group>"; };
		770DC7302810959B00FCCCB7 /* Course.swift */ = {isa = PBXFileReference; lastKnownFileType = sourcecode.swift; path = Course.swift; sourceTree = "<group>"; };
		770DC732281095B500FCCCB7 /* Lesson.swift */ = {isa = PBXFileReference; lastKnownFileType = sourcecode.swift; path = Lesson.swift; sourceTree = "<group>"; };
		770DC7342810961800FCCCB7 /* Functions.swift */ = {isa = PBXFileReference; lastKnownFileType = sourcecode.swift; path = Functions.swift; sourceTree = "<group>"; };
		770DC737281096A800FCCCB7 /* RainForest.mp4 */ = {isa = PBXFileReference; lastKnownFileType = file; path = RainForest.mp4; sourceTree = "<group>"; };
/* End PBXFileReference section */

/* Begin PBXFrameworksBuildPhase section */
		770DC6D82810939200FCCCB7 /* Frameworks */ = {
			isa = PBXFrameworksBuildPhase;
			buildActionMask = 2147483647;
			files = (
				770DC70A281093E400FCCCB7 /* ComposableArchitecture in Frameworks */,
			);
			runOnlyForDeploymentPostprocessing = 0;
		};
		770DC6E82810939200FCCCB7 /* Frameworks */ = {
			isa = PBXFrameworksBuildPhase;
			buildActionMask = 2147483647;
			files = (
			);
			runOnlyForDeploymentPostprocessing = 0;
		};
		770DC6F22810939300FCCCB7 /* Frameworks */ = {
			isa = PBXFrameworksBuildPhase;
			buildActionMask = 2147483647;
			files = (
			);
			runOnlyForDeploymentPostprocessing = 0;
		};
/* End PBXFrameworksBuildPhase section */

/* Begin PBXGroup section */
		770DC6D22810939200FCCCB7 = {
			isa = PBXGroup;
			children = (
				770DC6DD2810939200FCCCB7 /* Balerinanne */,
				770DC6EE2810939300FCCCB7 /* BalerinanneTests */,
				770DC6F82810939300FCCCB7 /* BalerinanneUITests */,
				770DC6DC2810939200FCCCB7 /* Products */,
			);
			sourceTree = "<group>";
		};
		770DC6DC2810939200FCCCB7 /* Products */ = {
			isa = PBXGroup;
			children = (
				770DC6DB2810939200FCCCB7 /* Balerinanne.app */,
				770DC6EB2810939200FCCCB7 /* BalerinanneTests.xctest */,
				770DC6F52810939300FCCCB7 /* BalerinanneUITests.xctest */,
			);
			name = Products;
			sourceTree = "<group>";
		};
		770DC6DD2810939200FCCCB7 /* Balerinanne */ = {
			isa = PBXGroup;
			children = (
				770DC736281096A000FCCCB7 /* Videos */,
				770DC70D2810946200FCCCB7 /* Views */,
				770DC70B2810942900FCCCB7 /* AppDelegate.swift */,
				770DC6DE2810939200FCCCB7 /* BalerinanneApp.swift */,
				770DC6E22810939200FCCCB7 /* Assets.xcassets */,
				770DC6E42810939200FCCCB7 /* Preview Content */,
			);
			path = Balerinanne;
			sourceTree = "<group>";
		};
		770DC6E42810939200FCCCB7 /* Preview Content */ = {
			isa = PBXGroup;
			children = (
				770DC6E52810939200FCCCB7 /* Preview Assets.xcassets */,
			);
			path = "Preview Content";
			sourceTree = "<group>";
		};
		770DC6EE2810939300FCCCB7 /* BalerinanneTests */ = {
			isa = PBXGroup;
			children = (
				770DC6EF2810939300FCCCB7 /* BalerinanneTests.swift */,
			);
			path = BalerinanneTests;
			sourceTree = "<group>";
		};
		770DC6F82810939300FCCCB7 /* BalerinanneUITests */ = {
			isa = PBXGroup;
			children = (
				770DC6F92810939300FCCCB7 /* BalerinanneUITests.swift */,
				770DC6FB2810939300FCCCB7 /* BalerinanneUITestsLaunchTests.swift */,
			);
			path = BalerinanneUITests;
			sourceTree = "<group>";
		};
		770DC70D2810946200FCCCB7 /* Views */ = {
			isa = PBXGroup;
			children = (
				770DC7272810956200FCCCB7 /* Modules */,
				770DC71E2810951C00FCCCB7 /* Reducers */,
				770DC715281094C900FCCCB7 /* UserView */,
				770DC70E2810947400FCCCB7 /* CoursesView */,
			);
			path = Views;
			sourceTree = "<group>";
		};
		770DC70E2810947400FCCCB7 /* CoursesView */ = {
			isa = PBXGroup;
			children = (
				770DC70F2810947800FCCCB7 /* CoursesView.swift */,
				770DC7112810948000FCCCB7 /* LessonView.swift */,
				770DC7132810948700FCCCB7 /* CourseView.swift */,
			);
			path = CoursesView;
			sourceTree = "<group>";
		};
		770DC715281094C900FCCCB7 /* UserView */ = {
			isa = PBXGroup;
			children = (
				770DC716281094D400FCCCB7 /* AuthenticationView.swift */,
				770DC718281094DB00FCCCB7 /* UserSettingsView.swift */,
				770DC71A281094E100FCCCB7 /* UserView.swift */,
				770DC71C281094E800FCCCB7 /* RegistrationView.swift */,
			);
			path = UserView;
			sourceTree = "<group>";
		};
		770DC71E2810951C00FCCCB7 /* Reducers */ = {
			isa = PBXGroup;
			children = (
				770DC71F2810952800FCCCB7 /* RegistrationReducer.swift */,
				770DC7212810953F00FCCCB7 /* AppReducers.swift */,
				770DC7232810954C00FCCCB7 /* AppUserReducer.swift */,
				770DC7252810955700FCCCB7 /* AuthenticationReducer.swift */,
			);
			path = Reducers;
			sourceTree = "<group>";
		};
		770DC7272810956200FCCCB7 /* Modules */ = {
			isa = PBXGroup;
			children = (
				770DC7292810957D00FCCCB7 /* App.swift */,
				770DC7282810957D00FCCCB7 /* AppUser.swift */,
				770DC72B2810957D00FCCCB7 /* Authentication.swift */,
				770DC72A2810957D00FCCCB7 /* Registration.swift */,
				770DC7302810959B00FCCCB7 /* Course.swift */,
				770DC732281095B500FCCCB7 /* Lesson.swift */,
				770DC7342810961800FCCCB7 /* Functions.swift */,
			);
			path = Modules;
			sourceTree = "<group>";
		};
		770DC736281096A000FCCCB7 /* Videos */ = {
			isa = PBXGroup;
			children = (
				770DC737281096A800FCCCB7 /* RainForest.mp4 */,
			);
			path = Videos;
			sourceTree = "<group>";
		};
/* End PBXGroup section */

/* Begin PBXNativeTarget section */
		770DC6DA2810939200FCCCB7 /* Balerinanne */ = {
			isa = PBXNativeTarget;
			buildConfigurationList = 770DC6FF2810939300FCCCB7 /* Build configuration list for PBXNativeTarget "Balerinanne" */;
			buildPhases = (
				770DC6D72810939200FCCCB7 /* Sources */,
				770DC6D82810939200FCCCB7 /* Frameworks */,
				770DC6D92810939200FCCCB7 /* Resources */,
			);
			buildRules = (
			);
			dependencies = (
			);
			name = Balerinanne;
			packageProductDependencies = (
				770DC709281093E400FCCCB7 /* ComposableArchitecture */,
			);
			productName = Balerinanne;
			productReference = 770DC6DB2810939200FCCCB7 /* Balerinanne.app */;
			productType = "com.apple.product-type.application";
		};
		770DC6EA2810939200FCCCB7 /* BalerinanneTests */ = {
			isa = PBXNativeTarget;
			buildConfigurationList = 770DC7022810939300FCCCB7 /* Build configuration list for PBXNativeTarget "BalerinanneTests" */;
			buildPhases = (
				770DC6E72810939200FCCCB7 /* Sources */,
				770DC6E82810939200FCCCB7 /* Frameworks */,
				770DC6E92810939200FCCCB7 /* Resources */,
			);
			buildRules = (
			);
			dependencies = (
				770DC6ED2810939200FCCCB7 /* PBXTargetDependency */,
			);
			name = BalerinanneTests;
			productName = BalerinanneTests;
			productReference = 770DC6EB2810939200FCCCB7 /* BalerinanneTests.xctest */;
			productType = "com.apple.product-type.bundle.unit-test";
		};
		770DC6F42810939300FCCCB7 /* BalerinanneUITests */ = {
			isa = PBXNativeTarget;
			buildConfigurationList = 770DC7052810939300FCCCB7 /* Build configuration list for PBXNativeTarget "BalerinanneUITests" */;
			buildPhases = (
				770DC6F12810939300FCCCB7 /* Sources */,
				770DC6F22810939300FCCCB7 /* Frameworks */,
				770DC6F32810939300FCCCB7 /* Resources */,
			);
			buildRules = (
			);
			dependencies = (
				770DC6F72810939300FCCCB7 /* PBXTargetDependency */,
			);
			name = BalerinanneUITests;
			productName = BalerinanneUITests;
			productReference = 770DC6F52810939300FCCCB7 /* BalerinanneUITests.xctest */;
			productType = "com.apple.product-type.bundle.ui-testing";
		};
/* End PBXNativeTarget section */

/* Begin PBXProject section */
		770DC6D32810939200FCCCB7 /* Project object */ = {
			isa = PBXProject;
			attributes = {
				BuildIndependentTargetsInParallel = 1;
				LastSwiftUpdateCheck = 1330;
				LastUpgradeCheck = 1330;
				TargetAttributes = {
					770DC6DA2810939200FCCCB7 = {
						CreatedOnToolsVersion = 13.3;
					};
					770DC6EA2810939200FCCCB7 = {
						CreatedOnToolsVersion = 13.3;
						TestTargetID = 770DC6DA2810939200FCCCB7;
					};
					770DC6F42810939300FCCCB7 = {
						CreatedOnToolsVersion = 13.3;
						TestTargetID = 770DC6DA2810939200FCCCB7;
					};
				};
			};
			buildConfigurationList = 770DC6D62810939200FCCCB7 /* Build configuration list for PBXProject "Balerinanne" */;
			compatibilityVersion = "Xcode 13.0";
			developmentRegion = en;
			hasScannedForEncodings = 0;
			knownRegions = (
				en,
				Base,
			);
			mainGroup = 770DC6D22810939200FCCCB7;
			packageReferences = (
				770DC708281093E400FCCCB7 /* XCRemoteSwiftPackageReference "swift-composable-architecture" */,
			);
			productRefGroup = 770DC6DC2810939200FCCCB7 /* Products */;
			projectDirPath = "";
			projectRoot = "";
			targets = (
				770DC6DA2810939200FCCCB7 /* Balerinanne */,
				770DC6EA2810939200FCCCB7 /* BalerinanneTests */,
				770DC6F42810939300FCCCB7 /* BalerinanneUITests */,
			);
		};
/* End PBXProject section */

/* Begin PBXResourcesBuildPhase section */
		770DC6D92810939200FCCCB7 /* Resources */ = {
			isa = PBXResourcesBuildPhase;
			buildActionMask = 2147483647;
			files = (
				770DC6E62810939200FCCCB7 /* Preview Assets.xcassets in Resources */,
				770DC738281096A800FCCCB7 /* RainForest.mp4 in Resources */,
				770DC6E32810939200FCCCB7 /* Assets.xcassets in Resources */,
			);
			runOnlyForDeploymentPostprocessing = 0;
		};
		770DC6E92810939200FCCCB7 /* Resources */ = {
			isa = PBXResourcesBuildPhase;
			buildActionMask = 2147483647;
			files = (
			);
			runOnlyForDeploymentPostprocessing = 0;
		};
		770DC6F32810939300FCCCB7 /* Resources */ = {
			isa = PBXResourcesBuildPhase;
			buildActionMask = 2147483647;
			files = (
			);
			runOnlyForDeploymentPostprocessing = 0;
		};
/* End PBXResourcesBuildPhase section */

/* Begin PBXSourcesBuildPhase section */
		770DC6D72810939200FCCCB7 /* Sources */ = {
			isa = PBXSourcesBuildPhase;
			buildActionMask = 2147483647;
			files = (
				770DC7312810959B00FCCCB7 /* Course.swift in Sources */,
				770DC72C2810957D00FCCCB7 /* AppUser.swift in Sources */,
				770DC70C2810942900FCCCB7 /* AppDelegate.swift in Sources */,
				770DC7352810961800FCCCB7 /* Functions.swift in Sources */,
				770DC6DF2810939200FCCCB7 /* BalerinanneApp.swift in Sources */,
				770DC72D2810957D00FCCCB7 /* App.swift in Sources */,
				770DC7262810955700FCCCB7 /* AuthenticationReducer.swift in Sources */,
				770DC717281094D400FCCCB7 /* AuthenticationView.swift in Sources */,
				770DC71D281094E800FCCCB7 /* RegistrationView.swift in Sources */,
				770DC733281095B500FCCCB7 /* Lesson.swift in Sources */,
				770DC71B281094E100FCCCB7 /* UserView.swift in Sources */,
				770DC72F2810957D00FCCCB7 /* Authentication.swift in Sources */,
				770DC72E2810957D00FCCCB7 /* Registration.swift in Sources */,
				770DC7242810954C00FCCCB7 /* AppUserReducer.swift in Sources */,
				770DC7202810952800FCCCB7 /* RegistrationReducer.swift in Sources */,
				770DC7142810948700FCCCB7 /* CourseView.swift in Sources */,
				770DC7222810953F00FCCCB7 /* AppReducers.swift in Sources */,
				770DC7122810948000FCCCB7 /* LessonView.swift in Sources */,
				770DC719281094DB00FCCCB7 /* UserSettingsView.swift in Sources */,
				770DC7102810947800FCCCB7 /* CoursesView.swift in Sources */,
			);
			runOnlyForDeploymentPostprocessing = 0;
		};
		770DC6E72810939200FCCCB7 /* Sources */ = {
			isa = PBXSourcesBuildPhase;
			buildActionMask = 2147483647;
			files = (
				770DC6F02810939300FCCCB7 /* BalerinanneTests.swift in Sources */,
			);
			runOnlyForDeploymentPostprocessing = 0;
		};
		770DC6F12810939300FCCCB7 /* Sources */ = {
			isa = PBXSourcesBuildPhase;
			buildActionMask = 2147483647;
			files = (
				770DC6FC2810939300FCCCB7 /* BalerinanneUITestsLaunchTests.swift in Sources */,
				770DC6FA2810939300FCCCB7 /* BalerinanneUITests.swift in Sources */,
			);
			runOnlyForDeploymentPostprocessing = 0;
		};
/* End PBXSourcesBuildPhase section */

/* Begin PBXTargetDependency section */
		770DC6ED2810939200FCCCB7 /* PBXTargetDependency */ = {
			isa = PBXTargetDependency;
			target = 770DC6DA2810939200FCCCB7 /* Balerinanne */;
			targetProxy = 770DC6EC2810939200FCCCB7 /* PBXContainerItemProxy */;
		};
		770DC6F72810939300FCCCB7 /* PBXTargetDependency */ = {
			isa = PBXTargetDependency;
			target = 770DC6DA2810939200FCCCB7 /* Balerinanne */;
			targetProxy = 770DC6F62810939300FCCCB7 /* PBXContainerItemProxy */;
		};
/* End PBXTargetDependency section */

/* Begin XCBuildConfiguration section */
		770DC6FD2810939300FCCCB7 /* Debug */ = {
			isa = XCBuildConfiguration;
			buildSettings = {
				ALWAYS_SEARCH_USER_PATHS = NO;
				CLANG_ANALYZER_NONNULL = YES;
				CLANG_ANALYZER_NUMBER_OBJECT_CONVERSION = YES_AGGRESSIVE;
				CLANG_CXX_LANGUAGE_STANDARD = "gnu++17";
				CLANG_ENABLE_MODULES = YES;
				CLANG_ENABLE_OBJC_ARC = YES;
				CLANG_ENABLE_OBJC_WEAK = YES;
				CLANG_WARN_BLOCK_CAPTURE_AUTORELEASING = YES;
				CLANG_WARN_BOOL_CONVERSION = YES;
				CLANG_WARN_COMMA = YES;
				CLANG_WARN_CONSTANT_CONVERSION = YES;
				CLANG_WARN_DEPRECATED_OBJC_IMPLEMENTATIONS = YES;
				CLANG_WARN_DIRECT_OBJC_ISA_USAGE = YES_ERROR;
				CLANG_WARN_DOCUMENTATION_COMMENTS = YES;
				CLANG_WARN_EMPTY_BODY = YES;
				CLANG_WARN_ENUM_CONVERSION = YES;
				CLANG_WARN_INFINITE_RECURSION = YES;
				CLANG_WARN_INT_CONVERSION = YES;
				CLANG_WARN_NON_LITERAL_NULL_CONVERSION = YES;
				CLANG_WARN_OBJC_IMPLICIT_RETAIN_SELF = YES;
				CLANG_WARN_OBJC_LITERAL_CONVERSION = YES;
				CLANG_WARN_OBJC_ROOT_CLASS = YES_ERROR;
				CLANG_WARN_QUOTED_INCLUDE_IN_FRAMEWORK_HEADER = YES;
				CLANG_WARN_RANGE_LOOP_ANALYSIS = YES;
				CLANG_WARN_STRICT_PROTOTYPES = YES;
				CLANG_WARN_SUSPICIOUS_MOVE = YES;
				CLANG_WARN_UNGUARDED_AVAILABILITY = YES_AGGRESSIVE;
				CLANG_WARN_UNREACHABLE_CODE = YES;
				CLANG_WARN__DUPLICATE_METHOD_MATCH = YES;
				COPY_PHASE_STRIP = NO;
				DEBUG_INFORMATION_FORMAT = dwarf;
				ENABLE_STRICT_OBJC_MSGSEND = YES;
				ENABLE_TESTABILITY = YES;
				GCC_C_LANGUAGE_STANDARD = gnu11;
				GCC_DYNAMIC_NO_PIC = NO;
				GCC_NO_COMMON_BLOCKS = YES;
				GCC_OPTIMIZATION_LEVEL = 0;
				GCC_PREPROCESSOR_DEFINITIONS = (
					"DEBUG=1",
					"$(inherited)",
				);
				GCC_WARN_64_TO_32_BIT_CONVERSION = YES;
				GCC_WARN_ABOUT_RETURN_TYPE = YES_ERROR;
				GCC_WARN_UNDECLARED_SELECTOR = YES;
				GCC_WARN_UNINITIALIZED_AUTOS = YES_AGGRESSIVE;
				GCC_WARN_UNUSED_FUNCTION = YES;
				GCC_WARN_UNUSED_VARIABLE = YES;
				IPHONEOS_DEPLOYMENT_TARGET = 15.4;
				MTL_ENABLE_DEBUG_INFO = INCLUDE_SOURCE;
				MTL_FAST_MATH = YES;
				ONLY_ACTIVE_ARCH = YES;
				SDKROOT = iphoneos;
				SWIFT_ACTIVE_COMPILATION_CONDITIONS = DEBUG;
				SWIFT_OPTIMIZATION_LEVEL = "-Onone";
			};
			name = Debug;
		};
		770DC6FE2810939300FCCCB7 /* Release */ = {
			isa = XCBuildConfiguration;
			buildSettings = {
				ALWAYS_SEARCH_USER_PATHS = NO;
				CLANG_ANALYZER_NONNULL = YES;
				CLANG_ANALYZER_NUMBER_OBJECT_CONVERSION = YES_AGGRESSIVE;
				CLANG_CXX_LANGUAGE_STANDARD = "gnu++17";
				CLANG_ENABLE_MODULES = YES;
				CLANG_ENABLE_OBJC_ARC = YES;
				CLANG_ENABLE_OBJC_WEAK = YES;
				CLANG_WARN_BLOCK_CAPTURE_AUTORELEASING = YES;
				CLANG_WARN_BOOL_CONVERSION = YES;
				CLANG_WARN_COMMA = YES;
				CLANG_WARN_CONSTANT_CONVERSION = YES;
				CLANG_WARN_DEPRECATED_OBJC_IMPLEMENTATIONS = YES;
				CLANG_WARN_DIRECT_OBJC_ISA_USAGE = YES_ERROR;
				CLANG_WARN_DOCUMENTATION_COMMENTS = YES;
				CLANG_WARN_EMPTY_BODY = YES;
				CLANG_WARN_ENUM_CONVERSION = YES;
				CLANG_WARN_INFINITE_RECURSION = YES;
				CLANG_WARN_INT_CONVERSION = YES;
				CLANG_WARN_NON_LITERAL_NULL_CONVERSION = YES;
				CLANG_WARN_OBJC_IMPLICIT_RETAIN_SELF = YES;
				CLANG_WARN_OBJC_LITERAL_CONVERSION = YES;
				CLANG_WARN_OBJC_ROOT_CLASS = YES_ERROR;
				CLANG_WARN_QUOTED_INCLUDE_IN_FRAMEWORK_HEADER = YES;
				CLANG_WARN_RANGE_LOOP_ANALYSIS = YES;
				CLANG_WARN_STRICT_PROTOTYPES = YES;
				CLANG_WARN_SUSPICIOUS_MOVE = YES;
				CLANG_WARN_UNGUARDED_AVAILABILITY = YES_AGGRESSIVE;
				CLANG_WARN_UNREACHABLE_CODE = YES;
				CLANG_WARN__DUPLICATE_METHOD_MATCH = YES;
				COPY_PHASE_STRIP = NO;
				DEBUG_INFORMATION_FORMAT = "dwarf-with-dsym";
				ENABLE_NS_ASSERTIONS = NO;
				ENABLE_STRICT_OBJC_MSGSEND = YES;
				GCC_C_LANGUAGE_STANDARD = gnu11;
				GCC_NO_COMMON_BLOCKS = YES;
				GCC_WARN_64_TO_32_BIT_CONVERSION = YES;
				GCC_WARN_ABOUT_RETURN_TYPE = YES_ERROR;
				GCC_WARN_UNDECLARED_SELECTOR = YES;
				GCC_WARN_UNINITIALIZED_AUTOS = YES_AGGRESSIVE;
				GCC_WARN_UNUSED_FUNCTION = YES;
				GCC_WARN_UNUSED_VARIABLE = YES;
				IPHONEOS_DEPLOYMENT_TARGET = 15.4;
				MTL_ENABLE_DEBUG_INFO = NO;
				MTL_FAST_MATH = YES;
				SDKROOT = iphoneos;
				SWIFT_COMPILATION_MODE = wholemodule;
				SWIFT_OPTIMIZATION_LEVEL = "-O";
				VALIDATE_PRODUCT = YES;
			};
			name = Release;
		};
		770DC7002810939300FCCCB7 /* Debug */ = {
			isa = XCBuildConfiguration;
			buildSettings = {
				ASSETCATALOG_COMPILER_APPICON_NAME = AppIcon;
				ASSETCATALOG_COMPILER_GLOBAL_ACCENT_COLOR_NAME = AccentColor;
				CODE_SIGN_STYLE = Automatic;
				CURRENT_PROJECT_VERSION = 1;
				DEVELOPMENT_ASSET_PATHS = "\"Balerinanne/Preview Content\"";
				ENABLE_PREVIEWS = YES;
				GENERATE_INFOPLIST_FILE = YES;
				INFOPLIST_KEY_UIApplicationSceneManifest_Generation = YES;
				INFOPLIST_KEY_UIApplicationSupportsIndirectInputEvents = YES;
				INFOPLIST_KEY_UILaunchScreen_Generation = YES;
				INFOPLIST_KEY_UISupportedInterfaceOrientations_iPad = "UIInterfaceOrientationPortrait UIInterfaceOrientationPortraitUpsideDown UIInterfaceOrientationLandscapeLeft UIInterfaceOrientationLandscapeRight";
				INFOPLIST_KEY_UISupportedInterfaceOrientations_iPhone = "UIInterfaceOrientationPortrait UIInterfaceOrientationLandscapeLeft UIInterfaceOrientationLandscapeRight";
				LD_RUNPATH_SEARCH_PATHS = (
					"$(inherited)",
					"@executable_path/Frameworks",
				);
				MARKETING_VERSION = 1.0;
				PRODUCT_BUNDLE_IDENTIFIER = rocks.cihan.Balerinanne;
				PRODUCT_NAME = "$(TARGET_NAME)";
				SWIFT_EMIT_LOC_STRINGS = YES;
				SWIFT_VERSION = 5.0;
				TARGETED_DEVICE_FAMILY = "1,2";
			};
			name = Debug;
		};
		770DC7012810939300FCCCB7 /* Release */ = {
			isa = XCBuildConfiguration;
			buildSettings = {
				ASSETCATALOG_COMPILER_APPICON_NAME = AppIcon;
				ASSETCATALOG_COMPILER_GLOBAL_ACCENT_COLOR_NAME = AccentColor;
				CODE_SIGN_STYLE = Automatic;
				CURRENT_PROJECT_VERSION = 1;
				DEVELOPMENT_ASSET_PATHS = "\"Balerinanne/Preview Content\"";
				ENABLE_PREVIEWS = YES;
				GENERATE_INFOPLIST_FILE = YES;
				INFOPLIST_KEY_UIApplicationSceneManifest_Generation = YES;
				INFOPLIST_KEY_UIApplicationSupportsIndirectInputEvents = YES;
				INFOPLIST_KEY_UILaunchScreen_Generation = YES;
				INFOPLIST_KEY_UISupportedInterfaceOrientations_iPad = "UIInterfaceOrientationPortrait UIInterfaceOrientationPortraitUpsideDown UIInterfaceOrientationLandscapeLeft UIInterfaceOrientationLandscapeRight";
				INFOPLIST_KEY_UISupportedInterfaceOrientations_iPhone = "UIInterfaceOrientationPortrait UIInterfaceOrientationLandscapeLeft UIInterfaceOrientationLandscapeRight";
				LD_RUNPATH_SEARCH_PATHS = (
					"$(inherited)",
					"@executable_path/Frameworks",
				);
				MARKETING_VERSION = 1.0;
				PRODUCT_BUNDLE_IDENTIFIER = rocks.cihan.Balerinanne;
				PRODUCT_NAME = "$(TARGET_NAME)";
				SWIFT_EMIT_LOC_STRINGS = YES;
				SWIFT_VERSION = 5.0;
				TARGETED_DEVICE_FAMILY = "1,2";
			};
			name = Release;
		};
		770DC7032810939300FCCCB7 /* Debug */ = {
			isa = XCBuildConfiguration;
			buildSettings = {
				ALWAYS_EMBED_SWIFT_STANDARD_LIBRARIES = YES;
				BUNDLE_LOADER = "$(TEST_HOST)";
				CODE_SIGN_STYLE = Automatic;
				CURRENT_PROJECT_VERSION = 1;
				GENERATE_INFOPLIST_FILE = YES;
				IPHONEOS_DEPLOYMENT_TARGET = 15.4;
				MARKETING_VERSION = 1.0;
				PRODUCT_BUNDLE_IDENTIFIER = rocks.cihan.BalerinanneTests;
				PRODUCT_NAME = "$(TARGET_NAME)";
				SWIFT_EMIT_LOC_STRINGS = NO;
				SWIFT_VERSION = 5.0;
				TARGETED_DEVICE_FAMILY = "1,2";
				TEST_HOST = "$(BUILT_PRODUCTS_DIR)/Balerinanne.app/Balerinanne";
			};
			name = Debug;
		};
		770DC7042810939300FCCCB7 /* Release */ = {
			isa = XCBuildConfiguration;
			buildSettings = {
				ALWAYS_EMBED_SWIFT_STANDARD_LIBRARIES = YES;
				BUNDLE_LOADER = "$(TEST_HOST)";
				CODE_SIGN_STYLE = Automatic;
				CURRENT_PROJECT_VERSION = 1;
				GENERATE_INFOPLIST_FILE = YES;
				IPHONEOS_DEPLOYMENT_TARGET = 15.4;
				MARKETING_VERSION = 1.0;
				PRODUCT_BUNDLE_IDENTIFIER = rocks.cihan.BalerinanneTests;
				PRODUCT_NAME = "$(TARGET_NAME)";
				SWIFT_EMIT_LOC_STRINGS = NO;
				SWIFT_VERSION = 5.0;
				TARGETED_DEVICE_FAMILY = "1,2";
				TEST_HOST = "$(BUILT_PRODUCTS_DIR)/Balerinanne.app/Balerinanne";
			};
			name = Release;
		};
		770DC7062810939300FCCCB7 /* Debug */ = {
			isa = XCBuildConfiguration;
			buildSettings = {
				ALWAYS_EMBED_SWIFT_STANDARD_LIBRARIES = YES;
				CODE_SIGN_STYLE = Automatic;
				CURRENT_PROJECT_VERSION = 1;
				GENERATE_INFOPLIST_FILE = YES;
				MARKETING_VERSION = 1.0;
				PRODUCT_BUNDLE_IDENTIFIER = rocks.cihan.BalerinanneUITests;
				PRODUCT_NAME = "$(TARGET_NAME)";
				SWIFT_EMIT_LOC_STRINGS = NO;
				SWIFT_VERSION = 5.0;
				TARGETED_DEVICE_FAMILY = "1,2";
				TEST_TARGET_NAME = Balerinanne;
			};
			name = Debug;
		};
		770DC7072810939300FCCCB7 /* Release */ = {
			isa = XCBuildConfiguration;
			buildSettings = {
				ALWAYS_EMBED_SWIFT_STANDARD_LIBRARIES = YES;
				CODE_SIGN_STYLE = Automatic;
				CURRENT_PROJECT_VERSION = 1;
				GENERATE_INFOPLIST_FILE = YES;
				MARKETING_VERSION = 1.0;
				PRODUCT_BUNDLE_IDENTIFIER = rocks.cihan.BalerinanneUITests;
				PRODUCT_NAME = "$(TARGET_NAME)";
				SWIFT_EMIT_LOC_STRINGS = NO;
				SWIFT_VERSION = 5.0;
				TARGETED_DEVICE_FAMILY = "1,2";
				TEST_TARGET_NAME = Balerinanne;
			};
			name = Release;
		};
/* End XCBuildConfiguration section */

/* Begin XCConfigurationList section */
		770DC6D62810939200FCCCB7 /* Build configuration list for PBXProject "Balerinanne" */ = {
			isa = XCConfigurationList;
			buildConfigurations = (
				770DC6FD2810939300FCCCB7 /* Debug */,
				770DC6FE2810939300FCCCB7 /* Release */,
			);
			defaultConfigurationIsVisible = 0;
			defaultConfigurationName = Release;
		};
		770DC6FF2810939300FCCCB7 /* Build configuration list for PBXNativeTarget "Balerinanne" */ = {
			isa = XCConfigurationList;
			buildConfigurations = (
				770DC7002810939300FCCCB7 /* Debug */,
				770DC7012810939300FCCCB7 /* Release */,
			);
			defaultConfigurationIsVisible = 0;
			defaultConfigurationName = Release;
		};
		770DC7022810939300FCCCB7 /* Build configuration list for PBXNativeTarget "BalerinanneTests" */ = {
			isa = XCConfigurationList;
			buildConfigurations = (
				770DC7032810939300FCCCB7 /* Debug */,
				770DC7042810939300FCCCB7 /* Release */,
			);
			defaultConfigurationIsVisible = 0;
			defaultConfigurationName = Release;
		};
		770DC7052810939300FCCCB7 /* Build configuration list for PBXNativeTarget "BalerinanneUITests" */ = {
			isa = XCConfigurationList;
			buildConfigurations = (
				770DC7062810939300FCCCB7 /* Debug */,
				770DC7072810939300FCCCB7 /* Release */,
			);
			defaultConfigurationIsVisible = 0;
			defaultConfigurationName = Release;
		};
/* End XCConfigurationList section */

/* Begin XCRemoteSwiftPackageReference section */
		770DC708281093E400FCCCB7 /* XCRemoteSwiftPackageReference "swift-composable-architecture" */ = {
			isa = XCRemoteSwiftPackageReference;
			repositoryURL = "https://github.com/cihankisakurek/swift-composable-architecture.git";
			requirement = {
				branch = main;
				kind = branch;
			};
		};
/* End XCRemoteSwiftPackageReference section */

/* Begin XCSwiftPackageProductDependency section */
		770DC709281093E400FCCCB7 /* ComposableArchitecture */ = {
			isa = XCSwiftPackageProductDependency;
			package = 770DC708281093E400FCCCB7 /* XCRemoteSwiftPackageReference "swift-composable-architecture" */;
			productName = ComposableArchitecture;
		};
/* End XCSwiftPackageProductDependency section */
	};
	rootObject = 770DC6D32810939200FCCCB7 /* Project object */;
}
